
Microsoft Visual Studio Solution File, Format Version 12.00
# Visual Studio 2013
VisualStudioVersion = 12.0.31101.0
MinimumVisualStudioVersion = 10.0.40219.1
Project("{FAE04EC0-301F-11D3-BF4B-00C04F79EFBC}") = "AsyncEnumerable", "AsyncEnumerable\AsyncEnumerable.csproj", "{242A57DA-44F6-4527-8716-660F5C9C64DC}"
EndProject
Project("{FAE04EC0-301F-11D3-BF4B-00C04F79EFBC}") = "AsyncEnumerable.UnitTests", "AsyncEnumerable.UnitTests\AsyncEnumerable.UnitTests.csproj", "{A6DF0CC3-76E8-4A72-A21C-43ADB62F1127}"
EndProject
Project("{2150E333-8FDC-42A3-9474-1A3956D46DE8}") = "Solution Items", "Solution Items", "{7847147E-B0BC-4906-BBC2-EA8F3341C287}"
	ProjectSection(SolutionItems) = preProject
		appveyor.yml = appveyor.yml
	EndProjectSection
EndProject
Global
	GlobalSection(SolutionConfigurationPlatforms) = preSolution
		Debug|Any CPU = Debug|Any CPU
		Release|Any CPU = Release|Any CPU
	EndGlobalSection
	GlobalSection(ProjectConfigurationPlatforms) = postSolution
		{242A57DA-44F6-4527-8716-660F5C9C64DC}.Debug|Any CPU.ActiveCfg = Debug|Any CPU
		{242A57DA-44F6-4527-8716-660F5C9C64DC}.Debug|Any CPU.Build.0 = Debug|Any CPU
		{242A57DA-44F6-4527-8716-660F5C9C64DC}.Release|Any CPU.ActiveCfg = Release|Any CPU
		{242A57DA-44F6-4527-8716-660F5C9C64DC}.Release|Any CPU.Build.0 = Release|Any CPU
		{A6DF0CC3-76E8-4A72-A21C-43ADB62F1127}.Debug|Any CPU.ActiveCfg = Debug|Any CPU
		{A6DF0CC3-76E8-4A72-A21C-43ADB62F1127}.Debug|Any CPU.Build.0 = Debug|Any CPU
		{A6DF0CC3-76E8-4A72-A21C-43ADB62F1127}.Release|Any CPU.ActiveCfg = Release|Any CPU
		{A6DF0CC3-76E8-4A72-A21C-43ADB62F1127}.Release|Any CPU.Build.0 = Release|Any CPU
	EndGlobalSection
	GlobalSection(SolutionProperties) = preSolution
		HideSolutionNode = FALSE
	EndGlobalSection
EndGlobal
